// !$*UTF8*$!
{
	archiveVersion = 1;
	classes = {
	};
	objectVersion = 50;
	objects = {

/* Begin PBXFileReference section */
		1C95814C2665C61A00E94F98 /* Fernanda-Plan2.json */ = {isa = PBXFileReference; lastKnownFileType = text.json; path = "Fernanda-Plan2.json"; sourceTree = "<group>"; };
		33F7C9242665C02D0004E9F1 /* ilana-flower-plant.json */ = {isa = PBXFileReference; lastKnownFileType = text.json; path = "ilana-flower-plant.json"; sourceTree = "<group>"; };
		4649C93426656269006C7ED0 /* nicole-ocotillo-bush.json */ = {isa = PBXFileReference; lastKnownFileType = text.json; path = "nicole-ocotillo-bush.json"; sourceTree = "<group>"; };
		4649C9352665A977006C7ED0 /* nicole-cherry-blossom-tree.json */ = {isa = PBXFileReference; lastKnownFileType = text.json; path = "nicole-cherry-blossom-tree.json"; sourceTree = "<group>"; };
		5480D8812647408400BE6404 /* victoria-bush.json */ = {isa = PBXFileReference; lastKnownFileType = text.json; path = "victoria-bush.json"; sourceTree = "<group>"; };
		81537A43265FCCDA00A50C54 /* ilana-fern-plant.json */ = {isa = PBXFileReference; lastKnownFileType = text.json; path = "ilana-fern-plant.json"; sourceTree = "<group>"; };
		81537A4A265FD26500A50C54 /* gordon-triangle-sketch.json */ = {isa = PBXFileReference; lastKnownFileType = text.json; path = "gordon-triangle-sketch.json"; sourceTree = "<group>"; };
		81C150F526459B3B009D5AC6 /* scott-berry-tree.json */ = {isa = PBXFileReference; lastKnownFileType = text.json; path = "scott-berry-tree.json"; sourceTree = "<group>"; };
		81C150F626459BE9009D5AC6 /* gordon-basic-branching-tree.json */ = {isa = PBXFileReference; lastKnownFileType = text.json; path = "gordon-basic-branching-tree.json"; sourceTree = "<group>"; };
		81C1511D26496A52009D5AC6 /* gordon-short-branching-tree.json */ = {isa = PBXFileReference; lastKnownFileType = text.json; path = "gordon-short-branching-tree.json"; sourceTree = "<group>"; };
		81CDA82F265EB8FD00E2E9BB /* gordon-leafy-plant.json */ = {isa = PBXFileReference; lastKnownFileType = text.json; path = "gordon-leafy-plant.json"; sourceTree = "<group>"; };
		8AD3FFA4264AA76D003F1882 /* james-devils-fingers.json */ = {isa = PBXFileReference; lastKnownFileType = text.json; path = "james-devils-fingers.json"; sourceTree = "<group>"; };
		9C968BDE264877E000A64FA3 /* sihan-tree.json */ = {isa = PBXFileReference; lastKnownFileType = text.json; path = "sihan-tree.json"; sourceTree = "<group>"; };
		CB0C792D2645C2D9000C5B05 /* aidan-berry-bush.json */ = {isa = PBXFileReference; lastKnownFileType = text.json; path = "aidan-berry-bush.json"; sourceTree = "<group>"; };
		CB58825A2661789B00AB08E8 /* aidan-Cattail-sketch.json */ = {isa = PBXFileReference; lastKnownFileType = text.json; path = "aidan-Cattail-sketch.json"; sourceTree = "<group>"; };
		CB9F553126656B7800CBBFB9 /* aidan-willowTree-sketch.json */ = {isa = PBXFileReference; lastKnownFileType = text.json; path = "aidan-willowTree-sketch.json"; sourceTree = "<group>"; };
/* End PBXFileReference section */

/* Begin PBXGroup section */
		81C150EE26459B26009D5AC6 = {
			isa = PBXGroup;
			children = (
				33F7C9242665C02D0004E9F1 /* ilana-flower-plant.json */,
				4649C9352665A977006C7ED0 /* nicole-cherry-blossom-tree.json */,
				8AD3FFA4264AA76D003F1882 /* james-devils-fingers.json */,
				81CDA82F265EB8FD00E2E9BB /* gordon-leafy-plant.json */,
				9C968BDE264877E000A64FA3 /* sihan-tree.json */,
				5480D8812647408400BE6404 /* victoria-bush.json */,
				CB0C792D2645C2D9000C5B05 /* aidan-berry-bush.json */,
				81537A43265FCCDA00A50C54 /* ilana-fern-plant.json */,
				81C150F626459BE9009D5AC6 /* gordon-basic-branching-tree.json */,
				81C150F526459B3B009D5AC6 /* scott-berry-tree.json */,
				81C1511D26496A52009D5AC6 /* gordon-short-branching-tree.json */,
				CB58825A2661789B00AB08E8 /* aidan-Cattail-sketch.json */,
				81537A4A265FD26500A50C54 /* gordon-triangle-sketch.json */,
				4649C93426656269006C7ED0 /* nicole-ocotillo-bush.json */,
				CB9F553126656B7800CBBFB9 /* aidan-willowTree-sketch.json */,
				1C95814C2665C61A00E94F98 /* Fernanda-Plan2.json */,
			);
			sourceTree = "<group>";
		};
/* End PBXGroup section */

/* Begin PBXProject section */
		81C150EF26459B26009D5AC6 /* Project object */ = {
			isa = PBXProject;
			attributes = {
				LastUpgradeCheck = 1240;
			};
			buildConfigurationList = 81C150F226459B26009D5AC6 /* Build configuration list for PBXProject "LindenmayerSystemCatalog" */;
			compatibilityVersion = "Xcode 9.3";
			developmentRegion = en;
			hasScannedForEncodings = 0;
			knownRegions = (
				en,
				Base,
			);
			mainGroup = 81C150EE26459B26009D5AC6;
			projectDirPath = "";
			projectRoot = "";
			targets = (
			);
		};
/* End PBXProject section */

/* Begin XCBuildConfiguration section */
		81C150F326459B26009D5AC6 /* Debug */ = {
			isa = XCBuildConfiguration;
			buildSettings = {
			};
			name = Debug;
		};
		81C150F426459B26009D5AC6 /* Release */ = {
			isa = XCBuildConfiguration;
			buildSettings = {
			};
			name = Release;
		};
/* End XCBuildConfiguration section */

/* Begin XCConfigurationList section */
		81C150F226459B26009D5AC6 /* Build configuration list for PBXProject "LindenmayerSystemCatalog" */ = {
			isa = XCConfigurationList;
			buildConfigurations = (
				81C150F326459B26009D5AC6 /* Debug */,
				81C150F426459B26009D5AC6 /* Release */,
			);
			defaultConfigurationIsVisible = 0;
			defaultConfigurationName = Release;
		};
/* End XCConfigurationList section */
	};
	rootObject = 81C150EF26459B26009D5AC6 /* Project object */;
}
